
Microsoft Visual Studio Solution File, Format Version 12.00
# Visual Studio Version 17
VisualStudioVersion = 17.3.32929.385
MinimumVisualStudioVersion = 10.0.40219.1
Project("{FAE04EC0-301F-11D3-BF4B-00C04F79EFBC}") = "BookShopDemo", "BookShopDemo\BookShopDemo.csproj", "{355FA971-334C-4011-A78A-78C8BA822FF9}"
EndProject
Global
	GlobalSection(SolutionConfigurationPlatforms) = preSolution
		Debug|Any CPU = Debug|Any CPU
		Release|Any CPU = Release|Any CPU
	EndGlobalSection
	GlobalSection(ProjectConfigurationPlatforms) = postSolution
		{355FA971-334C-4011-A78A-78C8BA822FF9}.Debug|Any CPU.ActiveCfg = Debug|Any CPU
		{355FA971-334C-4011-A78A-78C8BA822FF9}.Debug|Any CPU.Build.0 = Debug|Any CPU
		{355FA971-334C-4011-A78A-78C8BA822FF9}.Release|Any CPU.ActiveCfg = Release|Any CPU
		{355FA971-334C-4011-A78A-78C8BA822FF9}.Release|Any CPU.Build.0 = Release|Any CPU
	EndGlobalSection
	GlobalSection(SolutionProperties) = preSolution
		HideSolutionNode = FALSE
	EndGlobalSection
	GlobalSection(ExtensibilityGlobals) = postSolution
		SolutionGuid = {5E0823C5-992B-404B-A187-40B7175BC4E1}
	EndGlobalSection
EndGlobal
